// !$*UTF8*$!
{
	archiveVersion = 1;
	classes = {
	};
	objectVersion = 50;
	objects = {

/* Begin PBXBuildFile section */
		3F210E7A21B6392900C52A48 /* libfmodL.dylib in Frameworks */ = {isa = PBXBuildFile; fileRef = 3F210E7921B6392900C52A48 /* libfmodL.dylib */; };
		3F210E7C21B6393300C52A48 /* libfmodstudioL.dylib in Frameworks */ = {isa = PBXBuildFile; fileRef = 3F210E7B21B6393300C52A48 /* libfmodstudioL.dylib */; };
		3F60E2C721B531AA0094C35F /* main.cpp in Sources */ = {isa = PBXBuildFile; fileRef = 3F60E2C621B531AA0094C35F /* main.cpp */; };
		3F874BA121B64EE500BCBEE3 /* libfmodstudioL.dylib in CopyFiles */ = {isa = PBXBuildFile; fileRef = 3F210E7B21B6393300C52A48 /* libfmodstudioL.dylib */; };
		3F874BA221B64EEA00BCBEE3 /* libfmodL.dylib in CopyFiles */ = {isa = PBXBuildFile; fileRef = 3F210E7921B6392900C52A48 /* libfmodL.dylib */; };
		3F874BA521B656A500BCBEE3 /* 003.mp3 in CopyFiles */ = {isa = PBXBuildFile; fileRef = 3F874BA421B656A500BCBEE3 /* 003.mp3 */; };
		3F874BA921B75C1A00BCBEE3 /* ysf.mp3 in CopyFiles */ = {isa = PBXBuildFile; fileRef = 3F874BA821B75C1900BCBEE3 /* ysf.mp3 */; };
/* End PBXBuildFile section */

/* Begin PBXCopyFilesBuildPhase section */
		3F60E2C121B531A90094C35F /* CopyFiles */ = {
			isa = PBXCopyFilesBuildPhase;
			buildActionMask = 12;
			dstPath = "/Users/Nerrons/Library/Developer/Xcode/DerivedData/warship-hczfiamwfeunbychlywzjomktuoq/Build/Products/Debug";
			dstSubfolderSpec = 0;
			files = (
				3F874BA921B75C1A00BCBEE3 /* ysf.mp3 in CopyFiles */,
				3F874BA521B656A500BCBEE3 /* 003.mp3 in CopyFiles */,
				3F874BA221B64EEA00BCBEE3 /* libfmodL.dylib in CopyFiles */,
				3F874BA121B64EE500BCBEE3 /* libfmodstudioL.dylib in CopyFiles */,
			);
			runOnlyForDeploymentPostprocessing = 0;
		};
/* End PBXCopyFilesBuildPhase section */

/* Begin PBXFileReference section */
		3F210E7921B6392900C52A48 /* libfmodL.dylib */ = {isa = PBXFileReference; lastKnownFileType = "compiled.mach-o.dylib"; name = libfmodL.dylib; path = warship/libfmodL.dylib; sourceTree = "<group>"; };
		3F210E7B21B6393300C52A48 /* libfmodstudioL.dylib */ = {isa = PBXFileReference; lastKnownFileType = "compiled.mach-o.dylib"; name = libfmodstudioL.dylib; path = warship/libfmodstudioL.dylib; sourceTree = "<group>"; };
		3F210E7D21B6395900C52A48 /* libfmod.dylib */ = {isa = PBXFileReference; lastKnownFileType = "compiled.mach-o.dylib"; name = libfmod.dylib; path = warship/libfmod.dylib; sourceTree = "<group>"; };
		3F210E7F21B6395F00C52A48 /* libfmodstudio.dylib */ = {isa = PBXFileReference; lastKnownFileType = "compiled.mach-o.dylib"; name = libfmodstudio.dylib; path = warship/libfmodstudio.dylib; sourceTree = "<group>"; };
		3F60E2C321B531AA0094C35F /* warship */ = {isa = PBXFileReference; explicitFileType = "compiled.mach-o.executable"; includeInIndex = 0; path = warship; sourceTree = BUILT_PRODUCTS_DIR; };
		3F60E2C621B531AA0094C35F /* main.cpp */ = {isa = PBXFileReference; lastKnownFileType = sourcecode.cpp.cpp; name = main.cpp; path = warship/main.cpp; sourceTree = SOURCE_ROOT; };
		3F60E2CE21B581760094C35F /* SimpleAudioManager.h */ = {isa = PBXFileReference; lastKnownFileType = sourcecode.c.h; path = SimpleAudioManager.h; sourceTree = "<group>"; };
		3F874BA421B656A500BCBEE3 /* 003.mp3 */ = {isa = PBXFileReference; lastKnownFileType = audio.mp3; name = 003.mp3; path = warship/003.mp3; sourceTree = "<group>"; };
		3F874BA721B67FD300BCBEE3 /* AudioManager.h */ = {isa = PBXFileReference; lastKnownFileType = sourcecode.c.h; path = AudioManager.h; sourceTree = "<group>"; };
		3F874BA821B75C1900BCBEE3 /* ysf.mp3 */ = {isa = PBXFileReference; lastKnownFileType = audio.mp3; name = ysf.mp3; path = warship/ysf.mp3; sourceTree = "<group>"; };
/* End PBXFileReference section */

/* Begin PBXFrameworksBuildPhase section */
		3F60E2C021B531A90094C35F /* Frameworks */ = {
			isa = PBXFrameworksBuildPhase;
			buildActionMask = 2147483647;
			files = (
				3F210E7C21B6393300C52A48 /* libfmodstudioL.dylib in Frameworks */,
				3F210E7A21B6392900C52A48 /* libfmodL.dylib in Frameworks */,
			);
			runOnlyForDeploymentPostprocessing = 0;
		};
/* End PBXFrameworksBuildPhase section */

/* Begin PBXGroup section */
		3F210E7821B6392900C52A48 /* Frameworks */ = {
			isa = PBXGroup;
			children = (
				3F210E7F21B6395F00C52A48 /* libfmodstudio.dylib */,
				3F210E7D21B6395900C52A48 /* libfmod.dylib */,
				3F210E7B21B6393300C52A48 /* libfmodstudioL.dylib */,
				3F210E7921B6392900C52A48 /* libfmodL.dylib */,
			);
			name = Frameworks;
			sourceTree = "<group>";
		};
		3F60E2BA21B531A90094C35F = {
			isa = PBXGroup;
			children = (
				3F874BA821B75C1900BCBEE3 /* ysf.mp3 */,
				3F874BA421B656A500BCBEE3 /* 003.mp3 */,
				3F60E2C521B531AA0094C35F /* warship */,
				3F60E2C421B531AA0094C35F /* Products */,
				3F210E7821B6392900C52A48 /* Frameworks */,
			);
			sourceTree = "<group>";
		};
		3F60E2C421B531AA0094C35F /* Products */ = {
			isa = PBXGroup;
			children = (
				3F60E2C321B531AA0094C35F /* warship */,
			);
			name = Products;
			sourceTree = "<group>";
		};
		3F60E2C521B531AA0094C35F /* warship */ = {
			isa = PBXGroup;
			children = (
				3F60E2C621B531AA0094C35F /* main.cpp */,
				3F60E2CE21B581760094C35F /* SimpleAudioManager.h */,
				3F874BA721B67FD300BCBEE3 /* AudioManager.h */,
			);
			path = warship;
			sourceTree = "<group>";
		};
/* End PBXGroup section */

/* Begin PBXNativeTarget section */
		3F60E2C221B531A90094C35F /* warship */ = {
			isa = PBXNativeTarget;
			buildConfigurationList = 3F60E2CA21B531AA0094C35F /* Build configuration list for PBXNativeTarget "warship" */;
			buildPhases = (
				3F60E2C121B531A90094C35F /* CopyFiles */,
				3F60E2BF21B531A90094C35F /* Sources */,
				3F60E2C021B531A90094C35F /* Frameworks */,
				3F874BA321B6504F00BCBEE3 /* ShellScript */,
			);
			buildRules = (
			);
			dependencies = (
			);
			name = warship;
			productName = warship;
			productReference = 3F60E2C321B531AA0094C35F /* warship */;
			productType = "com.apple.product-type.tool";
		};
/* End PBXNativeTarget section */

/* Begin PBXProject section */
		3F60E2BB21B531A90094C35F /* Project object */ = {
			isa = PBXProject;
			attributes = {
				LastUpgradeCheck = 1010;
				ORGANIZATIONNAME = nerrons;
				TargetAttributes = {
					3F60E2C221B531A90094C35F = {
						CreatedOnToolsVersion = 10.1;
					};
				};
			};
			buildConfigurationList = 3F60E2BE21B531A90094C35F /* Build configuration list for PBXProject "warship" */;
			compatibilityVersion = "Xcode 9.3";
			developmentRegion = en;
			hasScannedForEncodings = 0;
			knownRegions = (
				en,
			);
			mainGroup = 3F60E2BA21B531A90094C35F;
			productRefGroup = 3F60E2C421B531AA0094C35F /* Products */;
			projectDirPath = "";
			projectRoot = "";
			targets = (
				3F60E2C221B531A90094C35F /* warship */,
			);
		};
/* End PBXProject section */

/* Begin PBXShellScriptBuildPhase section */
		3F874BA321B6504F00BCBEE3 /* ShellScript */ = {
			isa = PBXShellScriptBuildPhase;
			buildActionMask = 2147483647;
			files = (
			);
			inputFileListPaths = (
			);
			inputPaths = (
			);
			outputFileListPaths = (
			);
			outputPaths = (
			);
			runOnlyForDeploymentPostprocessing = 0;
			shellPath = /bin/sh;
			shellScript = "# Type a script or drag a script file from your workspace to insert its path.\n#install_name_tool -change ./libfmodL.dylib @loader_path/../Frameworks/libfmodL.dylib “$TARGET_BUILD_DIR/$PRODUCT_NAME”\n";
		};
/* End PBXShellScriptBuildPhase section */

/* Begin PBXSourcesBuildPhase section */
		3F60E2BF21B531A90094C35F /* Sources */ = {
			isa = PBXSourcesBuildPhase;
			buildActionMask = 2147483647;
			files = (
				3F60E2C721B531AA0094C35F /* main.cpp in Sources */,
			);
			runOnlyForDeploymentPostprocessing = 0;
		};
/* End PBXSourcesBuildPhase section */

/* Begin XCBuildConfiguration section */
		3F60E2C821B531AA0094C35F /* Debug */ = {
			isa = XCBuildConfiguration;
			buildSettings = {
				ALWAYS_SEARCH_USER_PATHS = NO;
				CLANG_ANALYZER_NONNULL = YES;
				CLANG_ANALYZER_NUMBER_OBJECT_CONVERSION = YES_AGGRESSIVE;
				CLANG_CXX_LANGUAGE_STANDARD = "gnu++14";
				CLANG_CXX_LIBRARY = "libc++";
				CLANG_ENABLE_MODULES = YES;
				CLANG_ENABLE_OBJC_ARC = YES;
				CLANG_ENABLE_OBJC_WEAK = YES;
				CLANG_WARN_BLOCK_CAPTURE_AUTORELEASING = YES;
				CLANG_WARN_BOOL_CONVERSION = YES;
				CLANG_WARN_COMMA = YES;
				CLANG_WARN_CONSTANT_CONVERSION = YES;
				CLANG_WARN_DEPRECATED_OBJC_IMPLEMENTATIONS = YES;
				CLANG_WARN_DIRECT_OBJC_ISA_USAGE = YES_ERROR;
				CLANG_WARN_DOCUMENTATION_COMMENTS = YES;
				CLANG_WARN_EMPTY_BODY = YES;
				CLANG_WARN_ENUM_CONVERSION = YES;
				CLANG_WARN_INFINITE_RECURSION = YES;
				CLANG_WARN_INT_CONVERSION = YES;
				CLANG_WARN_NON_LITERAL_NULL_CONVERSION = YES;
				CLANG_WARN_OBJC_IMPLICIT_RETAIN_SELF = YES;
				CLANG_WARN_OBJC_LITERAL_CONVERSION = YES;
				CLANG_WARN_OBJC_ROOT_CLASS = YES_ERROR;
				CLANG_WARN_RANGE_LOOP_ANALYSIS = YES;
				CLANG_WARN_STRICT_PROTOTYPES = YES;
				CLANG_WARN_SUSPICIOUS_MOVE = YES;
				CLANG_WARN_UNGUARDED_AVAILABILITY = YES_AGGRESSIVE;
				CLANG_WARN_UNREACHABLE_CODE = YES;
				CLANG_WARN__DUPLICATE_METHOD_MATCH = YES;
				CODE_SIGN_IDENTITY = "-";
				COPY_PHASE_STRIP = NO;
				DEBUG_INFORMATION_FORMAT = dwarf;
				DEVELOPMENT_TEAM = 7RC9R8AS63;
				ENABLE_STRICT_OBJC_MSGSEND = YES;
				ENABLE_TESTABILITY = YES;
				GCC_C_LANGUAGE_STANDARD = gnu11;
				GCC_DYNAMIC_NO_PIC = NO;
				GCC_NO_COMMON_BLOCKS = YES;
				GCC_OPTIMIZATION_LEVEL = 0;
				GCC_PREPROCESSOR_DEFINITIONS = (
					"DEBUG=1",
					"$(inherited)",
				);
				GCC_WARN_64_TO_32_BIT_CONVERSION = YES;
				GCC_WARN_ABOUT_RETURN_TYPE = YES_ERROR;
				GCC_WARN_UNDECLARED_SELECTOR = YES;
				GCC_WARN_UNINITIALIZED_AUTOS = YES_AGGRESSIVE;
				GCC_WARN_UNUSED_FUNCTION = YES;
				GCC_WARN_UNUSED_VARIABLE = YES;
				HEADER_SEARCH_PATHS = (
					/Users/Nerrons/fmod/api/lowlevel/inc,
					/Users/Nerrons/fmod/api/studio/inc,
					/usr/local/include,
				);
				INSTALL_PATH = "";
				LD_RUNPATH_SEARCH_PATHS = "@executable_path/Frameworks";
				MACOSX_DEPLOYMENT_TARGET = 10.13;
				MTL_ENABLE_DEBUG_INFO = INCLUDE_SOURCE;
				MTL_FAST_MATH = YES;
				ONLY_ACTIVE_ARCH = YES;
				OTHER_CPLUSPLUSFLAGS = "$(OTHER_CFLAGS)";
				OTHER_LDFLAGS = (
					/Users/Nerrons/fmod/api/studio/lib/libfmodstudioL.dylib,
					/Users/Nerrons/fmod/api/lowlevel/lib/libfmodL.dylib,
					"/Users/Nerrons/Dropbox/the-ultimate-truth/cpp/warshipped/warship/libsfml-window.dylib",
					"/Users/Nerrons/Dropbox/the-ultimate-truth/cpp/warshipped/warship/libsfml-graphics.dylib",
					"/Users/Nerrons/Dropbox/the-ultimate-truth/cpp/warshipped/warship/libsfml-system.dylib",
				);
				SDKROOT = macosx;
			};
			name = Debug;
		};
		3F60E2C921B531AA0094C35F /* Release */ = {
			isa = XCBuildConfiguration;
			buildSettings = {
				ALWAYS_SEARCH_USER_PATHS = NO;
				CLANG_ANALYZER_NONNULL = YES;
				CLANG_ANALYZER_NUMBER_OBJECT_CONVERSION = YES_AGGRESSIVE;
				CLANG_CXX_LANGUAGE_STANDARD = "gnu++14";
				CLANG_CXX_LIBRARY = "libc++";
				CLANG_ENABLE_MODULES = YES;
				CLANG_ENABLE_OBJC_ARC = YES;
				CLANG_ENABLE_OBJC_WEAK = YES;
				CLANG_WARN_BLOCK_CAPTURE_AUTORELEASING = YES;
				CLANG_WARN_BOOL_CONVERSION = YES;
				CLANG_WARN_COMMA = YES;
				CLANG_WARN_CONSTANT_CONVERSION = YES;
				CLANG_WARN_DEPRECATED_OBJC_IMPLEMENTATIONS = YES;
				CLANG_WARN_DIRECT_OBJC_ISA_USAGE = YES_ERROR;
				CLANG_WARN_DOCUMENTATION_COMMENTS = YES;
				CLANG_WARN_EMPTY_BODY = YES;
				CLANG_WARN_ENUM_CONVERSION = YES;
				CLANG_WARN_INFINITE_RECURSION = YES;
				CLANG_WARN_INT_CONVERSION = YES;
				CLANG_WARN_NON_LITERAL_NULL_CONVERSION = YES;
				CLANG_WARN_OBJC_IMPLICIT_RETAIN_SELF = YES;
				CLANG_WARN_OBJC_LITERAL_CONVERSION = YES;
				CLANG_WARN_OBJC_ROOT_CLASS = YES_ERROR;
				CLANG_WARN_RANGE_LOOP_ANALYSIS = YES;
				CLANG_WARN_STRICT_PROTOTYPES = YES;
				CLANG_WARN_SUSPICIOUS_MOVE = YES;
				CLANG_WARN_UNGUARDED_AVAILABILITY = YES_AGGRESSIVE;
				CLANG_WARN_UNREACHABLE_CODE = YES;
				CLANG_WARN__DUPLICATE_METHOD_MATCH = YES;
				CODE_SIGN_IDENTITY = "-";
				COPY_PHASE_STRIP = NO;
				DEBUG_INFORMATION_FORMAT = "dwarf-with-dsym";
				DEVELOPMENT_TEAM = 7RC9R8AS63;
				ENABLE_NS_ASSERTIONS = NO;
				ENABLE_STRICT_OBJC_MSGSEND = YES;
				GCC_C_LANGUAGE_STANDARD = gnu11;
				GCC_NO_COMMON_BLOCKS = YES;
				GCC_WARN_64_TO_32_BIT_CONVERSION = YES;
				GCC_WARN_ABOUT_RETURN_TYPE = YES_ERROR;
				GCC_WARN_UNDECLARED_SELECTOR = YES;
				GCC_WARN_UNINITIALIZED_AUTOS = YES_AGGRESSIVE;
				GCC_WARN_UNUSED_FUNCTION = YES;
				GCC_WARN_UNUSED_VARIABLE = YES;
				HEADER_SEARCH_PATHS = (
					/Users/Nerrons/fmod/api/lowlevel/inc,
					/Users/Nerrons/fmod/api/studio/inc,
					/usr/local/include,
				);
				INSTALL_PATH = "";
				LD_RUNPATH_SEARCH_PATHS = "@executable_path/Frameworks";
				MACOSX_DEPLOYMENT_TARGET = 10.13;
				MTL_ENABLE_DEBUG_INFO = NO;
				MTL_FAST_MATH = YES;
				OTHER_CPLUSPLUSFLAGS = "$(OTHER_CFLAGS)";
				OTHER_LDFLAGS = (
					/Users/Nerrons/fmod/api/studio/lib/libfmodstudioL.dylib,
					/Users/Nerrons/fmod/api/lowlevel/lib/libfmodL.dylib,
					"/Users/Nerrons/Dropbox/the-ultimate-truth/cpp/warshipped/warship/libsfml-window.dylib",
					"/Users/Nerrons/Dropbox/the-ultimate-truth/cpp/warshipped/warship/libsfml-graphics.dylib",
					"/Users/Nerrons/Dropbox/the-ultimate-truth/cpp/warshipped/warship/libsfml-system.dylib",
				);
				SDKROOT = macosx;
			};
			name = Release;
		};
		3F60E2CB21B531AA0094C35F /* Debug */ = {
			isa = XCBuildConfiguration;
			buildSettings = {
				CODE_SIGN_IDENTITY = "Mac Developer";
				CODE_SIGN_STYLE = Automatic;
				DEVELOPMENT_TEAM = 7RC9R8AS63;
				LD_RUNPATH_SEARCH_PATHS = "@executable_path/Frameworks";
				LIBRARY_SEARCH_PATHS = (
					"$(inherited)",
					"$(PROJECT_DIR)/warship",
				);
				PRODUCT_NAME = "$(TARGET_NAME)";
				PROVISIONING_PROFILE_SPECIFIER = "";
			};
			name = Debug;
		};
		3F60E2CC21B531AA0094C35F /* Release */ = {
			isa = XCBuildConfiguration;
			buildSettings = {
				CODE_SIGN_IDENTITY = "Mac Developer";
				CODE_SIGN_STYLE = Automatic;
				DEVELOPMENT_TEAM = 7RC9R8AS63;
				LD_RUNPATH_SEARCH_PATHS = "@executable_path/Frameworks";
				LIBRARY_SEARCH_PATHS = (
					"$(inherited)",
					"$(PROJECT_DIR)/warship",
				);
				PRODUCT_NAME = "$(TARGET_NAME)";
				PROVISIONING_PROFILE_SPECIFIER = "";
			};
			name = Release;
		};
/* End XCBuildConfiguration section */

/* Begin XCConfigurationList section */
		3F60E2BE21B531A90094C35F /* Build configuration list for PBXProject "warship" */ = {
			isa = XCConfigurationList;
			buildConfigurations = (
				3F60E2C821B531AA0094C35F /* Debug */,
				3F60E2C921B531AA0094C35F /* Release */,
			);
			defaultConfigurationIsVisible = 0;
			defaultConfigurationName = Release;
		};
		3F60E2CA21B531AA0094C35F /* Build configuration list for PBXNativeTarget "warship" */ = {
			isa = XCConfigurationList;
			buildConfigurations = (
				3F60E2CB21B531AA0094C35F /* Debug */,
				3F60E2CC21B531AA0094C35F /* Release */,
			);
			defaultConfigurationIsVisible = 0;
			defaultConfigurationName = Release;
		};
/* End XCConfigurationList section */
	};
	rootObject = 3F60E2BB21B531A90094C35F /* Project object */;
}
